
Microsoft Visual Studio Solution File, Format Version 12.00
# Visual Studio 14
VisualStudioVersion = 14.0.25420.1
MinimumVisualStudioVersion = 10.0.40219.1
Project("{9092AA53-FB77-4645-B42D-1CCCA6BD08BD}") = "SFMWebApp", "SFMWebApp\SFMWebApp.njsproj", "{232CDA7B-1537-4D56-985F-21BF12B5954D}"
EndProject
Global
	GlobalSection(SolutionConfigurationPlatforms) = preSolution
		Debug|Any CPU = Debug|Any CPU
		Release|Any CPU = Release|Any CPU
	EndGlobalSection
	GlobalSection(ProjectConfigurationPlatforms) = postSolution
		{232CDA7B-1537-4D56-985F-21BF12B5954D}.Debug|Any CPU.ActiveCfg = Debug|Any CPU
		{232CDA7B-1537-4D56-985F-21BF12B5954D}.Debug|Any CPU.Build.0 = Debug|Any CPU
		{232CDA7B-1537-4D56-985F-21BF12B5954D}.Release|Any CPU.ActiveCfg = Release|Any CPU
		{232CDA7B-1537-4D56-985F-21BF12B5954D}.Release|Any CPU.Build.0 = Release|Any CPU
	EndGlobalSection
	GlobalSection(SolutionProperties) = preSolution
		HideSolutionNode = FALSE
	EndGlobalSection
	GlobalSection(TeamFoundationVersionControl) = preSolution
		SccNumberOfProjects = 2
		SccEnterpriseProvider = {4CA58AB2-18FA-4F8D-95D4-32DDF27D184C}
		SccTeamFoundationServer = http://teamfoundationserver:8080/tfs/boc_projects
		SccLocalPath0 = .
		SccProjectUniqueName1 = SFMWebApp\\SFMWebApp.njsproj
		SccProjectName1 = SFMWebApp
		SccLocalPath1 = SFMWebApp
	EndGlobalSection
EndGlobal
